<?xml version="1.0" encoding="utf-8"?>
<Project ToolsVersion="4.0" xmlns="http://schemas.microsoft.com/developer/msbuild/2003">
  <ItemGroup>
    <Filter Include="Source Files">
      <UniqueIdentifier>{4FC737F1-C7A5-4376-A066-2A32D752A2FF}</UniqueIdentifier>
      <Extensions>cpp;c;cc;cxx;c++;cppm;ixx;def;odl;idl;hpj;bat;asm;asmx</Extensions>
    </Filter>
    <Filter Include="Header Files">
      <UniqueIdentifier>{93995380-89BD-4b04-88EB-625FBE52EBFB}</UniqueIdentifier>
      <Extensions>h;hh;hpp;hxx;h++;hm;inl;inc;ipp;xsd</Extensions>
    </Filter>
    <Filter Include="Resource Files">
      <UniqueIdentifier>{67DA6AB6-F800-4c08-8B7A-83BB121AAD01}</UniqueIdentifier>
      <Extensions>rc;ico;cur;bmp;dlg;rc2;rct;bin;rgs;gif;jpg;jpeg;jpe;resx;tiff;tif;png;wav;mfcribbon-ms</Extensions>
    </Filter>
    <Filter Include="folders">
      <UniqueIdentifier>{66c43782-3125-4130-b2fe-484d64ad86c0}</UniqueIdentifier>
    </Filter>
  </ItemGroup>
  <ItemGroup>
    <None Include="..\folly\memcpy.S">
      <Filter>Header Files</Filter>
    </None>
  </ItemGroup>
  <ItemGroup>
    <ClInclude Include="..\folly\AtomicHashArray.h">
      <Filter>Header Files</Filter>
    </ClInclude>
    <ClInclude Include="..\folly\AtomicHashArray-inl.h">
      <Filter>Header Files</Filter>
    </ClInclude>
    <ClInclude Include="..\folly\AtomicHashMap.h">
      <Filter>Header Files</Filter>
    </ClInclude>
    <ClInclude Include="..\folly\AtomicHashMap-inl.h">
      <Filter>Header Files</Filter>
    </ClInclude>
    <ClInclude Include="..\folly\AtomicIntrusiveLinkedList.h">
      <Filter>Header Files</Filter>
    </ClInclude>
    <ClInclude Include="..\folly\AtomicLinkedList.h">
      <Filter>Header Files</Filter>
    </ClInclude>
    <ClInclude Include="..\folly\AtomicUnorderedMap.h">
      <Filter>Header Files</Filter>
    </ClInclude>
    <ClInclude Include="..\folly\Benchmark.h">
      <Filter>Header Files</Filter>
    </ClInclude>
    <ClInclude Include="..\folly\BenchmarkUtil.h">
      <Filter>Header Files</Filter>
    </ClInclude>
    <ClInclude Include="..\folly\Bits.h">
      <Filter>Header Files</Filter>
    </ClInclude>
    <ClInclude Include="..\folly\CancellationToken.h">
      <Filter>Header Files</Filter>
    </ClInclude>
    <ClInclude Include="..\folly\CancellationToken-inl.h">
      <Filter>Header Files</Filter>
    </ClInclude>
    <ClInclude Include="..\folly\Chrono.h">
      <Filter>Header Files</Filter>
    </ClInclude>
    <ClInclude Include="..\folly\ClockGettimeWrappers.h">
      <Filter>Header Files</Filter>
    </ClInclude>
    <ClInclude Include="..\folly\ConcurrentBitSet.h">
      <Filter>Header Files</Filter>
    </ClInclude>
    <ClInclude Include="..\folly\ConcurrentLazy.h">
      <Filter>Header Files</Filter>
    </ClInclude>
    <ClInclude Include="..\folly\ConcurrentSkipList.h">
      <Filter>Header Files</Filter>
    </ClInclude>
    <ClInclude Include="..\folly\ConcurrentSkipList-inl.h">
      <Filter>Header Files</Filter>
    </ClInclude>
    <ClInclude Include="..\folly\ConstexprMath.h">
      <Filter>Header Files</Filter>
    </ClInclude>
    <ClInclude Include="..\folly\ConstructorCallback.h">
      <Filter>Header Files</Filter>
    </ClInclude>
    <ClInclude Include="..\folly\Conv.h">
      <Filter>Header Files</Filter>
    </ClInclude>
    <ClInclude Include="..\folly\CPortability.h">
      <Filter>Header Files</Filter>
    </ClInclude>
    <ClInclude Include="..\folly\CppAttributes.h">
      <Filter>Header Files</Filter>
    </ClInclude>
    <ClInclude Include="..\folly\CpuId.h">
      <Filter>Header Files</Filter>
    </ClInclude>
    <ClInclude Include="..\folly\DefaultKeepAliveExecutor.h">
      <Filter>Header Files</Filter>
    </ClInclude>
    <ClInclude Include="..\folly\Demangle.h">
      <Filter>Header Files</Filter>
    </ClInclude>
    <ClInclude Include="..\folly\DiscriminatedPtr.h">
      <Filter>Header Files</Filter>
    </ClInclude>
    <ClInclude Include="..\folly\dynamic.h">
      <Filter>Header Files</Filter>
    </ClInclude>
    <ClInclude Include="..\folly\DynamicConverter.h">
      <Filter>Header Files</Filter>
    </ClInclude>
    <ClInclude Include="..\folly\dynamic-inl.h">
      <Filter>Header Files</Filter>
    </ClInclude>
    <ClInclude Include="..\folly\Exception.h">
      <Filter>Header Files</Filter>
    </ClInclude>
    <ClInclude Include="..\folly\ExceptionString.h">
      <Filter>Header Files</Filter>
    </ClInclude>
    <ClInclude Include="..\folly\ExceptionWrapper.h">
      <Filter>Header Files</Filter>
    </ClInclude>
    <ClInclude Include="..\folly\ExceptionWrapper-inl.h">
      <Filter>Header Files</Filter>
    </ClInclude>
    <ClInclude Include="..\folly\Executor.h">
      <Filter>Header Files</Filter>
    </ClInclude>
    <ClInclude Include="..\folly\Expected.h">
      <Filter>Header Files</Filter>
    </ClInclude>
    <ClInclude Include="..\folly\FBString.h">
      <Filter>Header Files</Filter>
    </ClInclude>
    <ClInclude Include="..\folly\FBVector.h">
      <Filter>Header Files</Filter>
    </ClInclude>
    <ClInclude Include="..\folly\File.h">
      <Filter>Header Files</Filter>
    </ClInclude>
    <ClInclude Include="..\folly\FileUtil.h">
      <Filter>Header Files</Filter>
    </ClInclude>
    <ClInclude Include="..\folly\Fingerprint.h">
      <Filter>Header Files</Filter>
    </ClInclude>
    <ClInclude Include="..\folly\FixedString.h">
      <Filter>Header Files</Filter>
    </ClInclude>
    <ClInclude Include="..\folly\FollyMemcpy.h">
      <Filter>Header Files</Filter>
    </ClInclude>
    <ClInclude Include="..\folly\Format.h">
      <Filter>Header Files</Filter>
    </ClInclude>
    <ClInclude Include="..\folly\FormatArg.h">
      <Filter>Header Files</Filter>
    </ClInclude>
    <ClInclude Include="..\folly\Format-inl.h">
      <Filter>Header Files</Filter>
    </ClInclude>
    <ClInclude Include="..\folly\FormatTraits.h">
      <Filter>Header Files</Filter>
    </ClInclude>
    <ClInclude Include="..\folly\Function.h">
      <Filter>Header Files</Filter>
    </ClInclude>
    <ClInclude Include="..\folly\GLog.h">
      <Filter>Header Files</Filter>
    </ClInclude>
    <ClInclude Include="..\folly\GroupVarint.h">
      <Filter>Header Files</Filter>
    </ClInclude>
    <ClInclude Include="..\folly\Hash.h">
      <Filter>Header Files</Filter>
    </ClInclude>
    <ClInclude Include="..\folly\Indestructible.h">
      <Filter>Header Files</Filter>
    </ClInclude>
    <ClInclude Include="..\folly\IndexedMemPool.h">
      <Filter>Header Files</Filter>
    </ClInclude>
    <ClInclude Include="..\folly\IntrusiveList.h">
      <Filter>Header Files</Filter>
    </ClInclude>
    <ClInclude Include="..\folly\IPAddress.h">
      <Filter>Header Files</Filter>
    </ClInclude>
    <ClInclude Include="..\folly\IPAddressException.h">
      <Filter>Header Files</Filter>
    </ClInclude>
    <ClInclude Include="..\folly\IPAddressV4.h">
      <Filter>Header Files</Filter>
    </ClInclude>
    <ClInclude Include="..\folly\IPAddressV6.h">
      <Filter>Header Files</Filter>
    </ClInclude>
    <ClInclude Include="..\folly\json.h">
      <Filter>Header Files</Filter>
    </ClInclude>
    <ClInclude Include="..\folly\json_patch.h">
      <Filter>Header Files</Filter>
    </ClInclude>
    <ClInclude Include="..\folly\json_pointer.h">
      <Filter>Header Files</Filter>
    </ClInclude>
    <ClInclude Include="..\folly\Lazy.h">
      <Filter>Header Files</Filter>
    </ClInclude>
    <ClInclude Include="..\folly\Likely.h">
      <Filter>Header Files</Filter>
    </ClInclude>
    <ClInclude Include="..\folly\LockTraits.h">
      <Filter>Header Files</Filter>
    </ClInclude>
    <ClInclude Include="..\folly\MacAddress.h">
      <Filter>Header Files</Filter>
    </ClInclude>
    <ClInclude Include="..\folly\MapUtil.h">
      <Filter>Header Files</Filter>
    </ClInclude>
    <ClInclude Include="..\folly\Math.h">
      <Filter>Header Files</Filter>
    </ClInclude>
    <ClInclude Include="..\folly\Memory.h">
      <Filter>Header Files</Filter>
    </ClInclude>
    <ClInclude Include="..\folly\MicroLock.h">
      <Filter>Header Files</Filter>
    </ClInclude>
    <ClInclude Include="..\folly\MicroSpinLock.h">
      <Filter>Header Files</Filter>
    </ClInclude>
    <ClInclude Include="..\folly\MoveWrapper.h">
      <Filter>Header Files</Filter>
    </ClInclude>
    <ClInclude Include="..\folly\MPMCPipeline.h">
      <Filter>Header Files</Filter>
    </ClInclude>
    <ClInclude Include="..\folly\MPMCQueue.h">
      <Filter>Header Files</Filter>
    </ClInclude>
    <ClInclude Include="..\folly\Optional.h">
      <Filter>Header Files</Filter>
    </ClInclude>
    <ClInclude Include="..\folly\Overload.h">
      <Filter>Header Files</Filter>
    </ClInclude>
    <ClInclude Include="..\folly\PackedSyncPtr.h">
      <Filter>Header Files</Filter>
    </ClInclude>
    <ClInclude Include="..\folly\Padded.h">
      <Filter>Header Files</Filter>
    </ClInclude>
    <ClInclude Include="..\folly\Poly.h">
      <Filter>Header Files</Filter>
    </ClInclude>
    <ClInclude Include="..\folly\PolyException.h">
      <Filter>Header Files</Filter>
    </ClInclude>
    <ClInclude Include="..\folly\Poly-inl.h">
      <Filter>Header Files</Filter>
    </ClInclude>
    <ClInclude Include="..\folly\Portability.h">
      <Filter>Header Files</Filter>
    </ClInclude>
    <ClInclude Include="..\folly\Preprocessor.h">
      <Filter>Header Files</Filter>
    </ClInclude>
    <ClInclude Include="..\folly\ProducerConsumerQueue.h">
      <Filter>Header Files</Filter>
    </ClInclude>
    <ClInclude Include="..\folly\Random.h">
      <Filter>Header Files</Filter>
    </ClInclude>
    <ClInclude Include="..\folly\Random-inl.h">
      <Filter>Header Files</Filter>
    </ClInclude>
    <ClInclude Include="..\folly\Range.h">
      <Filter>Header Files</Filter>
    </ClInclude>
    <ClInclude Include="..\folly\Replaceable.h">
      <Filter>Header Files</Filter>
    </ClInclude>
    <ClInclude Include="..\folly\RWSpinLock.h">
      <Filter>Header Files</Filter>
    </ClInclude>
    <ClInclude Include="..\folly\ScopeGuard.h">
      <Filter>Header Files</Filter>
    </ClInclude>
    <ClInclude Include="..\folly\SharedMutex.h">
      <Filter>Header Files</Filter>
    </ClInclude>
    <ClInclude Include="..\folly\Singleton.h">
      <Filter>Header Files</Filter>
    </ClInclude>
    <ClInclude Include="..\folly\Singleton-inl.h">
      <Filter>Header Files</Filter>
    </ClInclude>
    <ClInclude Include="..\folly\SingletonThreadLocal.h">
      <Filter>Header Files</Filter>
    </ClInclude>
    <ClInclude Include="..\folly\small_vector.h">
      <Filter>Header Files</Filter>
    </ClInclude>
    <ClInclude Include="..\folly\SocketAddress.h">
      <Filter>Header Files</Filter>
    </ClInclude>
    <ClInclude Include="..\folly\sorted_vector_types.h">
      <Filter>Header Files</Filter>
    </ClInclude>
    <ClInclude Include="..\folly\SpinLock.h">
      <Filter>Header Files</Filter>
    </ClInclude>
    <ClInclude Include="..\folly\stop_watch.h">
      <Filter>Header Files</Filter>
    </ClInclude>
    <ClInclude Include="..\folly\String.h">
      <Filter>Header Files</Filter>
    </ClInclude>
    <ClInclude Include="..\folly\String-inl.h">
      <Filter>Header Files</Filter>
    </ClInclude>
    <ClInclude Include="..\folly\Subprocess.h">
      <Filter>Header Files</Filter>
    </ClInclude>
    <ClInclude Include="..\folly\Synchronized.h">
      <Filter>Header Files</Filter>
    </ClInclude>
    <ClInclude Include="..\folly\SynchronizedPtr.h">
      <Filter>Header Files</Filter>
    </ClInclude>
    <ClInclude Include="..\folly\ThreadCachedInt.h">
      <Filter>Header Files</Filter>
    </ClInclude>
    <ClInclude Include="..\folly\ThreadLocal.h">
      <Filter>Header Files</Filter>
    </ClInclude>
    <ClInclude Include="..\folly\TimeoutQueue.h">
      <Filter>Header Files</Filter>
    </ClInclude>
    <ClInclude Include="..\folly\TokenBucket.h">
      <Filter>Header Files</Filter>
    </ClInclude>
    <ClInclude Include="..\folly\Traits.h">
      <Filter>Header Files</Filter>
    </ClInclude>
    <ClInclude Include="..\folly\Try.h">
      <Filter>Header Files</Filter>
    </ClInclude>
    <ClInclude Include="..\folly\Try-inl.h">
      <Filter>Header Files</Filter>
    </ClInclude>
    <ClInclude Include="..\folly\Unicode.h">
      <Filter>Header Files</Filter>
    </ClInclude>
    <ClInclude Include="..\folly\Unit.h">
      <Filter>Header Files</Filter>
    </ClInclude>
    <ClInclude Include="..\folly\Uri.h">
      <Filter>Header Files</Filter>
    </ClInclude>
    <ClInclude Include="..\folly\Uri-inl.h">
      <Filter>Header Files</Filter>
    </ClInclude>
    <ClInclude Include="..\folly\UTF8String.h">
      <Filter>Header Files</Filter>
    </ClInclude>
    <ClInclude Include="..\folly\Utility.h">
      <Filter>Header Files</Filter>
    </ClInclude>
    <ClInclude Include="..\folly\Varint.h">
      <Filter>Header Files</Filter>
    </ClInclude>
    <ClInclude Include="..\folly\VirtualExecutor.h">
      <Filter>Header Files</Filter>
    </ClInclude>
    <ClInclude Include="..\folly\folly-config.h">
      <Filter>Header Files</Filter>
    </ClInclude>
  </ItemGroup>
  <ItemGroup>
    <ClCompile Include="..\folly\CancellationToken.cpp">
      <Filter>Source Files</Filter>
    </ClCompile>
    <ClCompile Include="..\folly\ClockGettimeWrappers.cpp">
      <Filter>Source Files</Filter>
    </ClCompile>
    <ClCompile Include="..\folly\Conv.cpp">
      <Filter>Source Files</Filter>
    </ClCompile>
    <ClCompile Include="..\folly\Demangle.cpp">
      <Filter>Source Files</Filter>
    </ClCompile>
    <ClCompile Include="..\folly\ExceptionWrapper.cpp">
      <Filter>Source Files</Filter>
    </ClCompile>
    <ClCompile Include="..\folly\Executor.cpp">
      <Filter>Source Files</Filter>
    </ClCompile>
    <ClCompile Include="..\folly\FollyMemcpy.cpp">
      <Filter>Source Files</Filter>
    </ClCompile>
    <ClCompile Include="..\folly\Format.cpp">
      <Filter>Source Files</Filter>
    </ClCompile>
    <ClCompile Include="..\folly\GroupVarint.cpp">
      <Filter>Source Files</Filter>
    </ClCompile>
    <ClCompile Include="..\folly\MicroLock.cpp">
      <Filter>Source Files</Filter>
    </ClCompile>
    <ClCompile Include="..\folly\Random.cpp">
      <Filter>Source Files</Filter>
    </ClCompile>
    <ClCompile Include="..\folly\ScopeGuard.cpp">
      <Filter>Source Files</Filter>
    </ClCompile>
    <ClCompile Include="..\folly\SharedMutex.cpp">
      <Filter>Source Files</Filter>
    </ClCompile>
    <ClCompile Include="..\folly\Singleton.cpp">
      <Filter>Source Files</Filter>
    </ClCompile>
    <ClCompile Include="..\folly\String.cpp">
      <Filter>Source Files</Filter>
    </ClCompile>
    <ClCompile Include="..\folly\TimeoutQueue.cpp">
      <Filter>Source Files</Filter>
    </ClCompile>
  </ItemGroup>
</Project>